
Microsoft Visual Studio Solution File, Format Version 12.00
# Visual Studio 15
VisualStudioVersion = 15.0.28307.902
MinimumVisualStudioVersion = 10.0.40219.1
Project("{FAE04EC0-301F-11D3-BF4B-00C04F79EFBC}") = "Dynamics", "Dynamics\Dynamics.csproj", "{A0B36349-E3D3-4ED4-B3CD-4EF98D5D56C6}"
EndProject
Global
	GlobalSection(SolutionConfigurationPlatforms) = preSolution
		Debug|Any CPU = Debug|Any CPU
		Release|Any CPU = Release|Any CPU
	EndGlobalSection
	GlobalSection(ProjectConfigurationPlatforms) = postSolution
		{A0B36349-E3D3-4ED4-B3CD-4EF98D5D56C6}.Debug|Any CPU.ActiveCfg = Debug|Any CPU
		{A0B36349-E3D3-4ED4-B3CD-4EF98D5D56C6}.Debug|Any CPU.Build.0 = Debug|Any CPU
		{A0B36349-E3D3-4ED4-B3CD-4EF98D5D56C6}.Release|Any CPU.ActiveCfg = Release|Any CPU
		{A0B36349-E3D3-4ED4-B3CD-4EF98D5D56C6}.Release|Any CPU.Build.0 = Release|Any CPU
	EndGlobalSection
	GlobalSection(SolutionProperties) = preSolution
		HideSolutionNode = FALSE
	EndGlobalSection
	GlobalSection(ExtensibilityGlobals) = postSolution
		SolutionGuid = {4DC099DD-74BE-4BC3-9ED3-2B342FFD3B67}
	EndGlobalSection
EndGlobal
